
Microsoft Visual Studio Solution File, Format Version 12.00
# Visual Studio Version 17
VisualStudioVersion = 17.1.32407.343
MinimumVisualStudioVersion = 10.0.40219.1
Project("{8BC9CEB8-8B4A-11D0-8D11-00A0C91BC942}") = "overloading", "overloading\overloading.vcxproj", "{0E95046F-1DCF-4364-9D0D-DFB8550FAC4A}"
EndProject
Project("{8BC9CEB8-8B4A-11D0-8D11-00A0C91BC942}") = "override", "override\override.vcxproj", "{876D3CA3-88B1-4E1D-833F-34CBDE2C1C2D}"
EndProject
Global
	GlobalSection(SolutionConfigurationPlatforms) = preSolution
		Debug|x64 = Debug|x64
		Debug|x86 = Debug|x86
		Release|x64 = Release|x64
		Release|x86 = Release|x86
	EndGlobalSection
	GlobalSection(ProjectConfigurationPlatforms) = postSolution
		{0E95046F-1DCF-4364-9D0D-DFB8550FAC4A}.Debug|x64.ActiveCfg = Debug|x64
		{0E95046F-1DCF-4364-9D0D-DFB8550FAC4A}.Debug|x64.Build.0 = Debug|x64
		{0E95046F-1DCF-4364-9D0D-DFB8550FAC4A}.Debug|x86.ActiveCfg = Debug|Win32
		{0E95046F-1DCF-4364-9D0D-DFB8550FAC4A}.Debug|x86.Build.0 = Debug|Win32
		{0E95046F-1DCF-4364-9D0D-DFB8550FAC4A}.Release|x64.ActiveCfg = Release|x64
		{0E95046F-1DCF-4364-9D0D-DFB8550FAC4A}.Release|x64.Build.0 = Release|x64
		{0E95046F-1DCF-4364-9D0D-DFB8550FAC4A}.Release|x86.ActiveCfg = Release|Win32
		{0E95046F-1DCF-4364-9D0D-DFB8550FAC4A}.Release|x86.Build.0 = Release|Win32
		{876D3CA3-88B1-4E1D-833F-34CBDE2C1C2D}.Debug|x64.ActiveCfg = Debug|x64
		{876D3CA3-88B1-4E1D-833F-34CBDE2C1C2D}.Debug|x64.Build.0 = Debug|x64
		{876D3CA3-88B1-4E1D-833F-34CBDE2C1C2D}.Debug|x86.ActiveCfg = Debug|Win32
		{876D3CA3-88B1-4E1D-833F-34CBDE2C1C2D}.Debug|x86.Build.0 = Debug|Win32
		{876D3CA3-88B1-4E1D-833F-34CBDE2C1C2D}.Release|x64.ActiveCfg = Release|x64
		{876D3CA3-88B1-4E1D-833F-34CBDE2C1C2D}.Release|x64.Build.0 = Release|x64
		{876D3CA3-88B1-4E1D-833F-34CBDE2C1C2D}.Release|x86.ActiveCfg = Release|Win32
		{876D3CA3-88B1-4E1D-833F-34CBDE2C1C2D}.Release|x86.Build.0 = Release|Win32
	EndGlobalSection
	GlobalSection(SolutionProperties) = preSolution
		HideSolutionNode = FALSE
	EndGlobalSection
	GlobalSection(ExtensibilityGlobals) = postSolution
		SolutionGuid = {C23D981F-B649-4784-8B39-16E9DDB66E61}
	EndGlobalSection
EndGlobal
